
Microsoft Visual Studio Solution File, Format Version 12.00
# Visual Studio 15
VisualStudioVersion = 15.0.26730.12
MinimumVisualStudioVersion = 10.0.40219.1
Project("{9A19103F-16F7-4668-BE54-9A1E7A4F7556}") = "Pivot.ServiceBus", "Pivot.ServiceBus\Pivot.ServiceBus.csproj", "{3AA19095-402F-410D-9878-D1C91AEAAF85}"
EndProject
Project("{9A19103F-16F7-4668-BE54-9A1E7A4F7556}") = "PreQ", "PreQ\PreQ.csproj", "{8138B50E-31EA-4172-8488-F550C445A06F}"
EndProject
Global
	GlobalSection(SolutionConfigurationPlatforms) = preSolution
		Debug|Any CPU = Debug|Any CPU
		Release|Any CPU = Release|Any CPU
	EndGlobalSection
	GlobalSection(ProjectConfigurationPlatforms) = postSolution
		{3AA19095-402F-410D-9878-D1C91AEAAF85}.Debug|Any CPU.ActiveCfg = Debug|Any CPU
		{3AA19095-402F-410D-9878-D1C91AEAAF85}.Debug|Any CPU.Build.0 = Debug|Any CPU
		{3AA19095-402F-410D-9878-D1C91AEAAF85}.Release|Any CPU.ActiveCfg = Release|Any CPU
		{3AA19095-402F-410D-9878-D1C91AEAAF85}.Release|Any CPU.Build.0 = Release|Any CPU
		{8138B50E-31EA-4172-8488-F550C445A06F}.Debug|Any CPU.ActiveCfg = Debug|Any CPU
		{8138B50E-31EA-4172-8488-F550C445A06F}.Debug|Any CPU.Build.0 = Debug|Any CPU
		{8138B50E-31EA-4172-8488-F550C445A06F}.Release|Any CPU.ActiveCfg = Release|Any CPU
		{8138B50E-31EA-4172-8488-F550C445A06F}.Release|Any CPU.Build.0 = Release|Any CPU
	EndGlobalSection
	GlobalSection(SolutionProperties) = preSolution
		HideSolutionNode = FALSE
	EndGlobalSection
	GlobalSection(ExtensibilityGlobals) = postSolution
		SolutionGuid = {79DDDF89-E74D-4680-AFBA-3E0F830521DC}
	EndGlobalSection
EndGlobal
